
Microsoft Visual Studio Solution File, Format Version 12.00
# Visual Studio 15
VisualStudioVersion = 15.0.27130.2024
MinimumVisualStudioVersion = 10.0.40219.1
Project("{FAE04EC0-301F-11D3-BF4B-00C04F79EFBC}") = "Lands.Android", "Lands\Lands.Android\Lands.Android.csproj", "{306815C0-B74E-4E73-94E8-7A328B6AC0B0}"
EndProject
Project("{FAE04EC0-301F-11D3-BF4B-00C04F79EFBC}") = "Lands.iOS", "Lands\Lands.iOS\Lands.iOS.csproj", "{76AF4CE5-9260-4536-A760-3C76D782AF01}"
EndProject
Project("{FAE04EC0-301F-11D3-BF4B-00C04F79EFBC}") = "Lands.UWP", "Lands\Lands.UWP\Lands.UWP.csproj", "{7A6CA152-BEDE-44CC-899B-6989325029A5}"
EndProject
Project("{FAE04EC0-301F-11D3-BF4B-00C04F79EFBC}") = "Lands", "Lands\Lands\Lands.csproj", "{05E3AD37-349F-4D72-94EB-86DA97196460}"
EndProject
Global
	GlobalSection(SolutionConfigurationPlatforms) = preSolution
		Ad-Hoc|Any CPU = Ad-Hoc|Any CPU
		Ad-Hoc|ARM = Ad-Hoc|ARM
		Ad-Hoc|iPhone = Ad-Hoc|iPhone
		Ad-Hoc|iPhoneSimulator = Ad-Hoc|iPhoneSimulator
		Ad-Hoc|x64 = Ad-Hoc|x64
		Ad-Hoc|x86 = Ad-Hoc|x86
		AppStore|Any CPU = AppStore|Any CPU
		AppStore|ARM = AppStore|ARM
		AppStore|iPhone = AppStore|iPhone
		AppStore|iPhoneSimulator = AppStore|iPhoneSimulator
		AppStore|x64 = AppStore|x64
		AppStore|x86 = AppStore|x86
		Debug|Any CPU = Debug|Any CPU
		Debug|ARM = Debug|ARM
		Debug|iPhone = Debug|iPhone
		Debug|iPhoneSimulator = Debug|iPhoneSimulator
		Debug|x64 = Debug|x64
		Debug|x86 = Debug|x86
		Release|Any CPU = Release|Any CPU
		Release|ARM = Release|ARM
		Release|iPhone = Release|iPhone
		Release|iPhoneSimulator = Release|iPhoneSimulator
		Release|x64 = Release|x64
		Release|x86 = Release|x86
	EndGlobalSection
	GlobalSection(ProjectConfigurationPlatforms) = postSolution
		{306815C0-B74E-4E73-94E8-7A328B6AC0B0}.Ad-Hoc|Any CPU.ActiveCfg = Release|Any CPU
		{306815C0-B74E-4E73-94E8-7A328B6AC0B0}.Ad-Hoc|Any CPU.Build.0 = Release|Any CPU
		{306815C0-B74E-4E73-94E8-7A328B6AC0B0}.Ad-Hoc|Any CPU.Deploy.0 = Release|Any CPU
		{306815C0-B74E-4E73-94E8-7A328B6AC0B0}.Ad-Hoc|ARM.ActiveCfg = Release|Any CPU
		{306815C0-B74E-4E73-94E8-7A328B6AC0B0}.Ad-Hoc|ARM.Build.0 = Release|Any CPU
		{306815C0-B74E-4E73-94E8-7A328B6AC0B0}.Ad-Hoc|ARM.Deploy.0 = Release|Any CPU
		{306815C0-B74E-4E73-94E8-7A328B6AC0B0}.Ad-Hoc|iPhone.ActiveCfg = Release|Any CPU
		{306815C0-B74E-4E73-94E8-7A328B6AC0B0}.Ad-Hoc|iPhone.Build.0 = Release|Any CPU
		{306815C0-B74E-4E73-94E8-7A328B6AC0B0}.Ad-Hoc|iPhone.Deploy.0 = Release|Any CPU
		{306815C0-B74E-4E73-94E8-7A328B6AC0B0}.Ad-Hoc|iPhoneSimulator.ActiveCfg = Release|Any CPU
		{306815C0-B74E-4E73-94E8-7A328B6AC0B0}.Ad-Hoc|iPhoneSimulator.Build.0 = Release|Any CPU
		{306815C0-B74E-4E73-94E8-7A328B6AC0B0}.Ad-Hoc|iPhoneSimulator.Deploy.0 = Release|Any CPU
		{306815C0-B74E-4E73-94E8-7A328B6AC0B0}.Ad-Hoc|x64.ActiveCfg = Release|Any CPU
		{306815C0-B74E-4E73-94E8-7A328B6AC0B0}.Ad-Hoc|x64.Build.0 = Release|Any CPU
		{306815C0-B74E-4E73-94E8-7A328B6AC0B0}.Ad-Hoc|x64.Deploy.0 = Release|Any CPU
		{306815C0-B74E-4E73-94E8-7A328B6AC0B0}.Ad-Hoc|x86.ActiveCfg = Release|Any CPU
		{306815C0-B74E-4E73-94E8-7A328B6AC0B0}.Ad-Hoc|x86.Build.0 = Release|Any CPU
		{306815C0-B74E-4E73-94E8-7A328B6AC0B0}.Ad-Hoc|x86.Deploy.0 = Release|Any CPU
		{306815C0-B74E-4E73-94E8-7A328B6AC0B0}.AppStore|Any CPU.ActiveCfg = Release|Any CPU
		{306815C0-B74E-4E73-94E8-7A328B6AC0B0}.AppStore|Any CPU.Build.0 = Release|Any CPU
		{306815C0-B74E-4E73-94E8-7A328B6AC0B0}.AppStore|Any CPU.Deploy.0 = Release|Any CPU
		{306815C0-B74E-4E73-94E8-7A328B6AC0B0}.AppStore|ARM.ActiveCfg = Release|Any CPU
		{306815C0-B74E-4E73-94E8-7A328B6AC0B0}.AppStore|ARM.Build.0 = Release|Any CPU
		{306815C0-B74E-4E73-94E8-7A328B6AC0B0}.AppStore|ARM.Deploy.0 = Release|Any CPU
		{306815C0-B74E-4E73-94E8-7A328B6AC0B0}.AppStore|iPhone.ActiveCfg = Release|Any CPU
		{306815C0-B74E-4E73-94E8-7A328B6AC0B0}.AppStore|iPhone.Build.0 = Release|Any CPU
		{306815C0-B74E-4E73-94E8-7A328B6AC0B0}.AppStore|iPhone.Deploy.0 = Release|Any CPU
		{306815C0-B74E-4E73-94E8-7A328B6AC0B0}.AppStore|iPhoneSimulator.ActiveCfg = Release|Any CPU
		{306815C0-B74E-4E73-94E8-7A328B6AC0B0}.AppStore|iPhoneSimulator.Build.0 = Release|Any CPU
		{306815C0-B74E-4E73-94E8-7A328B6AC0B0}.AppStore|iPhoneSimulator.Deploy.0 = Release|Any CPU
		{306815C0-B74E-4E73-94E8-7A328B6AC0B0}.AppStore|x64.ActiveCfg = Release|Any CPU
		{306815C0-B74E-4E73-94E8-7A328B6AC0B0}.AppStore|x64.Build.0 = Release|Any CPU
		{306815C0-B74E-4E73-94E8-7A328B6AC0B0}.AppStore|x64.Deploy.0 = Release|Any CPU
		{306815C0-B74E-4E73-94E8-7A328B6AC0B0}.AppStore|x86.ActiveCfg = Release|Any CPU
		{306815C0-B74E-4E73-94E8-7A328B6AC0B0}.AppStore|x86.Build.0 = Release|Any CPU
		{306815C0-B74E-4E73-94E8-7A328B6AC0B0}.AppStore|x86.Deploy.0 = Release|Any CPU
		{306815C0-B74E-4E73-94E8-7A328B6AC0B0}.Debug|Any CPU.ActiveCfg = Debug|Any CPU
		{306815C0-B74E-4E73-94E8-7A328B6AC0B0}.Debug|Any CPU.Build.0 = Debug|Any CPU
		{306815C0-B74E-4E73-94E8-7A328B6AC0B0}.Debug|Any CPU.Deploy.0 = Debug|Any CPU
		{306815C0-B74E-4E73-94E8-7A328B6AC0B0}.Debug|ARM.ActiveCfg = Debug|Any CPU
		{306815C0-B74E-4E73-94E8-7A328B6AC0B0}.Debug|ARM.Build.0 = Debug|Any CPU
		{306815C0-B74E-4E73-94E8-7A328B6AC0B0}.Debug|ARM.Deploy.0 = Debug|Any CPU
		{306815C0-B74E-4E73-94E8-7A328B6AC0B0}.Debug|iPhone.ActiveCfg = Debug|Any CPU
		{306815C0-B74E-4E73-94E8-7A328B6AC0B0}.Debug|iPhone.Build.0 = Debug|Any CPU
		{306815C0-B74E-4E73-94E8-7A328B6AC0B0}.Debug|iPhone.Deploy.0 = Debug|Any CPU
		{306815C0-B74E-4E73-94E8-7A328B6AC0B0}.Debug|iPhoneSimulator.ActiveCfg = Debug|Any CPU
		{306815C0-B74E-4E73-94E8-7A328B6AC0B0}.Debug|iPhoneSimulator.Build.0 = Debug|Any CPU
		{306815C0-B74E-4E73-94E8-7A328B6AC0B0}.Debug|iPhoneSimulator.Deploy.0 = Debug|Any CPU
		{306815C0-B74E-4E73-94E8-7A328B6AC0B0}.Debug|x64.ActiveCfg = Debug|Any CPU
		{306815C0-B74E-4E73-94E8-7A328B6AC0B0}.Debug|x64.Build.0 = Debug|Any CPU
		{306815C0-B74E-4E73-94E8-7A328B6AC0B0}.Debug|x64.Deploy.0 = Debug|Any CPU
		{306815C0-B74E-4E73-94E8-7A328B6AC0B0}.Debug|x86.ActiveCfg = Debug|Any CPU
		{306815C0-B74E-4E73-94E8-7A328B6AC0B0}.Debug|x86.Build.0 = Debug|Any CPU
		{306815C0-B74E-4E73-94E8-7A328B6AC0B0}.Debug|x86.Deploy.0 = Debug|Any CPU
		{306815C0-B74E-4E73-94E8-7A328B6AC0B0}.Release|Any CPU.ActiveCfg = Release|Any CPU
		{306815C0-B74E-4E73-94E8-7A328B6AC0B0}.Release|Any CPU.Build.0 = Release|Any CPU
		{306815C0-B74E-4E73-94E8-7A328B6AC0B0}.Release|Any CPU.Deploy.0 = Release|Any CPU
		{306815C0-B74E-4E73-94E8-7A328B6AC0B0}.Release|ARM.ActiveCfg = Release|Any CPU
		{306815C0-B74E-4E73-94E8-7A328B6AC0B0}.Release|ARM.Build.0 = Release|Any CPU
		{306815C0-B74E-4E73-94E8-7A328B6AC0B0}.Release|ARM.Deploy.0 = Release|Any CPU
		{306815C0-B74E-4E73-94E8-7A328B6AC0B0}.Release|iPhone.ActiveCfg = Release|Any CPU
		{306815C0-B74E-4E73-94E8-7A328B6AC0B0}.Release|iPhone.Build.0 = Release|Any CPU
		{306815C0-B74E-4E73-94E8-7A328B6AC0B0}.Release|iPhone.Deploy.0 = Release|Any CPU
		{306815C0-B74E-4E73-94E8-7A328B6AC0B0}.Release|iPhoneSimulator.ActiveCfg = Release|Any CPU
		{306815C0-B74E-4E73-94E8-7A328B6AC0B0}.Release|iPhoneSimulator.Build.0 = Release|Any CPU
		{306815C0-B74E-4E73-94E8-7A328B6AC0B0}.Release|iPhoneSimulator.Deploy.0 = Release|Any CPU
		{306815C0-B74E-4E73-94E8-7A328B6AC0B0}.Release|x64.ActiveCfg = Release|Any CPU
		{306815C0-B74E-4E73-94E8-7A328B6AC0B0}.Release|x64.Build.0 = Release|Any CPU
		{306815C0-B74E-4E73-94E8-7A328B6AC0B0}.Release|x64.Deploy.0 = Release|Any CPU
		{306815C0-B74E-4E73-94E8-7A328B6AC0B0}.Release|x86.ActiveCfg = Release|Any CPU
		{306815C0-B74E-4E73-94E8-7A328B6AC0B0}.Release|x86.Build.0 = Release|Any CPU
		{306815C0-B74E-4E73-94E8-7A328B6AC0B0}.Release|x86.Deploy.0 = Release|Any CPU
		{76AF4CE5-9260-4536-A760-3C76D782AF01}.Ad-Hoc|Any CPU.ActiveCfg = Ad-Hoc|iPhone
		{76AF4CE5-9260-4536-A760-3C76D782AF01}.Ad-Hoc|ARM.ActiveCfg = Ad-Hoc|iPhone
		{76AF4CE5-9260-4536-A760-3C76D782AF01}.Ad-Hoc|iPhone.ActiveCfg = Ad-Hoc|iPhone
		{76AF4CE5-9260-4536-A760-3C76D782AF01}.Ad-Hoc|iPhone.Build.0 = Ad-Hoc|iPhone
		{76AF4CE5-9260-4536-A760-3C76D782AF01}.Ad-Hoc|iPhoneSimulator.ActiveCfg = Ad-Hoc|iPhoneSimulator
		{76AF4CE5-9260-4536-A760-3C76D782AF01}.Ad-Hoc|iPhoneSimulator.Build.0 = Ad-Hoc|iPhoneSimulator
		{76AF4CE5-9260-4536-A760-3C76D782AF01}.Ad-Hoc|x64.ActiveCfg = Ad-Hoc|iPhone
		{76AF4CE5-9260-4536-A760-3C76D782AF01}.Ad-Hoc|x86.ActiveCfg = Ad-Hoc|iPhone
		{76AF4CE5-9260-4536-A760-3C76D782AF01}.AppStore|Any CPU.ActiveCfg = AppStore|iPhone
		{76AF4CE5-9260-4536-A760-3C76D782AF01}.AppStore|ARM.ActiveCfg = AppStore|iPhone
		{76AF4CE5-9260-4536-A760-3C76D782AF01}.AppStore|iPhone.ActiveCfg = AppStore|iPhone
		{76AF4CE5-9260-4536-A760-3C76D782AF01}.AppStore|iPhone.Build.0 = AppStore|iPhone
		{76AF4CE5-9260-4536-A760-3C76D782AF01}.AppStore|iPhoneSimulator.ActiveCfg = AppStore|iPhoneSimulator
		{76AF4CE5-9260-4536-A760-3C76D782AF01}.AppStore|iPhoneSimulator.Build.0 = AppStore|iPhoneSimulator
		{76AF4CE5-9260-4536-A760-3C76D782AF01}.AppStore|x64.ActiveCfg = AppStore|iPhone
		{76AF4CE5-9260-4536-A760-3C76D782AF01}.AppStore|x86.ActiveCfg = AppStore|iPhone
		{76AF4CE5-9260-4536-A760-3C76D782AF01}.Debug|Any CPU.ActiveCfg = Debug|iPhone
		{76AF4CE5-9260-4536-A760-3C76D782AF01}.Debug|ARM.ActiveCfg = Debug|iPhone
		{76AF4CE5-9260-4536-A760-3C76D782AF01}.Debug|iPhone.ActiveCfg = Debug|iPhone
		{76AF4CE5-9260-4536-A760-3C76D782AF01}.Debug|iPhone.Build.0 = Debug|iPhone
		{76AF4CE5-9260-4536-A760-3C76D782AF01}.Debug|iPhoneSimulator.ActiveCfg = Debug|iPhoneSimulator
		{76AF4CE5-9260-4536-A760-3C76D782AF01}.Debug|iPhoneSimulator.Build.0 = Debug|iPhoneSimulator
		{76AF4CE5-9260-4536-A760-3C76D782AF01}.Debug|x64.ActiveCfg = Debug|iPhone
		{76AF4CE5-9260-4536-A760-3C76D782AF01}.Debug|x86.ActiveCfg = Debug|iPhone
		{76AF4CE5-9260-4536-A760-3C76D782AF01}.Release|Any CPU.ActiveCfg = Release|iPhone
		{76AF4CE5-9260-4536-A760-3C76D782AF01}.Release|ARM.ActiveCfg = Release|iPhone
		{76AF4CE5-9260-4536-A760-3C76D782AF01}.Release|iPhone.ActiveCfg = Release|iPhone
		{76AF4CE5-9260-4536-A760-3C76D782AF01}.Release|iPhone.Build.0 = Release|iPhone
		{76AF4CE5-9260-4536-A760-3C76D782AF01}.Release|iPhoneSimulator.ActiveCfg = Release|iPhoneSimulator
		{76AF4CE5-9260-4536-A760-3C76D782AF01}.Release|iPhoneSimulator.Build.0 = Release|iPhoneSimulator
		{76AF4CE5-9260-4536-A760-3C76D782AF01}.Release|x64.ActiveCfg = Release|iPhone
		{76AF4CE5-9260-4536-A760-3C76D782AF01}.Release|x86.ActiveCfg = Release|iPhone
		{7A6CA152-BEDE-44CC-899B-6989325029A5}.Ad-Hoc|Any CPU.ActiveCfg = Release|x86
		{7A6CA152-BEDE-44CC-899B-6989325029A5}.Ad-Hoc|Any CPU.Build.0 = Release|x86
		{7A6CA152-BEDE-44CC-899B-6989325029A5}.Ad-Hoc|Any CPU.Deploy.0 = Release|x86
		{7A6CA152-BEDE-44CC-899B-6989325029A5}.Ad-Hoc|ARM.ActiveCfg = Release|ARM
		{7A6CA152-BEDE-44CC-899B-6989325029A5}.Ad-Hoc|ARM.Build.0 = Release|ARM
		{7A6CA152-BEDE-44CC-899B-6989325029A5}.Ad-Hoc|ARM.Deploy.0 = Release|ARM
		{7A6CA152-BEDE-44CC-899B-6989325029A5}.Ad-Hoc|iPhone.ActiveCfg = Release|x86
		{7A6CA152-BEDE-44CC-899B-6989325029A5}.Ad-Hoc|iPhone.Build.0 = Release|x86
		{7A6CA152-BEDE-44CC-899B-6989325029A5}.Ad-Hoc|iPhone.Deploy.0 = Release|x86
		{7A6CA152-BEDE-44CC-899B-6989325029A5}.Ad-Hoc|iPhoneSimulator.ActiveCfg = Release|x86
		{7A6CA152-BEDE-44CC-899B-6989325029A5}.Ad-Hoc|iPhoneSimulator.Build.0 = Release|x86
		{7A6CA152-BEDE-44CC-899B-6989325029A5}.Ad-Hoc|iPhoneSimulator.Deploy.0 = Release|x86
		{7A6CA152-BEDE-44CC-899B-6989325029A5}.Ad-Hoc|x64.ActiveCfg = Release|x64
		{7A6CA152-BEDE-44CC-899B-6989325029A5}.Ad-Hoc|x64.Build.0 = Release|x64
		{7A6CA152-BEDE-44CC-899B-6989325029A5}.Ad-Hoc|x64.Deploy.0 = Release|x64
		{7A6CA152-BEDE-44CC-899B-6989325029A5}.Ad-Hoc|x86.ActiveCfg = Release|x86
		{7A6CA152-BEDE-44CC-899B-6989325029A5}.Ad-Hoc|x86.Build.0 = Release|x86
		{7A6CA152-BEDE-44CC-899B-6989325029A5}.Ad-Hoc|x86.Deploy.0 = Release|x86
		{7A6CA152-BEDE-44CC-899B-6989325029A5}.AppStore|Any CPU.ActiveCfg = Release|x86
		{7A6CA152-BEDE-44CC-899B-6989325029A5}.AppStore|Any CPU.Build.0 = Release|x86
		{7A6CA152-BEDE-44CC-899B-6989325029A5}.AppStore|Any CPU.Deploy.0 = Release|x86
		{7A6CA152-BEDE-44CC-899B-6989325029A5}.AppStore|ARM.ActiveCfg = Release|ARM
		{7A6CA152-BEDE-44CC-899B-6989325029A5}.AppStore|ARM.Build.0 = Release|ARM
		{7A6CA152-BEDE-44CC-899B-6989325029A5}.AppStore|ARM.Deploy.0 = Release|ARM
		{7A6CA152-BEDE-44CC-899B-6989325029A5}.AppStore|iPhone.ActiveCfg = Release|x86
		{7A6CA152-BEDE-44CC-899B-6989325029A5}.AppStore|iPhone.Build.0 = Release|x86
		{7A6CA152-BEDE-44CC-899B-6989325029A5}.AppStore|iPhone.Deploy.0 = Release|x86
		{7A6CA152-BEDE-44CC-899B-6989325029A5}.AppStore|iPhoneSimulator.ActiveCfg = Release|x86
		{7A6CA152-BEDE-44CC-899B-6989325029A5}.AppStore|iPhoneSimulator.Build.0 = Release|x86
		{7A6CA152-BEDE-44CC-899B-6989325029A5}.AppStore|iPhoneSimulator.Deploy.0 = Release|x86
		{7A6CA152-BEDE-44CC-899B-6989325029A5}.AppStore|x64.ActiveCfg = Release|x64
		{7A6CA152-BEDE-44CC-899B-6989325029A5}.AppStore|x64.Build.0 = Release|x64
		{7A6CA152-BEDE-44CC-899B-6989325029A5}.AppStore|x64.Deploy.0 = Release|x64
		{7A6CA152-BEDE-44CC-899B-6989325029A5}.AppStore|x86.ActiveCfg = Release|x86
		{7A6CA152-BEDE-44CC-899B-6989325029A5}.AppStore|x86.Build.0 = Release|x86
		{7A6CA152-BEDE-44CC-899B-6989325029A5}.AppStore|x86.Deploy.0 = Release|x86
		{7A6CA152-BEDE-44CC-899B-6989325029A5}.Debug|Any CPU.ActiveCfg = Debug|x86
		{7A6CA152-BEDE-44CC-899B-6989325029A5}.Debug|ARM.ActiveCfg = Debug|ARM
		{7A6CA152-BEDE-44CC-899B-6989325029A5}.Debug|ARM.Build.0 = Debug|ARM
		{7A6CA152-BEDE-44CC-899B-6989325029A5}.Debug|ARM.Deploy.0 = Debug|ARM
		{7A6CA152-BEDE-44CC-899B-6989325029A5}.Debug|iPhone.ActiveCfg = Debug|x86
		{7A6CA152-BEDE-44CC-899B-6989325029A5}.Debug|iPhoneSimulator.ActiveCfg = Debug|x86
		{7A6CA152-BEDE-44CC-899B-6989325029A5}.Debug|x64.ActiveCfg = Debug|x64
		{7A6CA152-BEDE-44CC-899B-6989325029A5}.Debug|x64.Build.0 = Debug|x64
		{7A6CA152-BEDE-44CC-899B-6989325029A5}.Debug|x64.Deploy.0 = Debug|x64
		{7A6CA152-BEDE-44CC-899B-6989325029A5}.Debug|x86.ActiveCfg = Debug|x86
		{7A6CA152-BEDE-44CC-899B-6989325029A5}.Debug|x86.Build.0 = Debug|x86
		{7A6CA152-BEDE-44CC-899B-6989325029A5}.Debug|x86.Deploy.0 = Debug|x86
		{7A6CA152-BEDE-44CC-899B-6989325029A5}.Release|Any CPU.ActiveCfg = Release|x86
		{7A6CA152-BEDE-44CC-899B-6989325029A5}.Release|ARM.ActiveCfg = Release|ARM
		{7A6CA152-BEDE-44CC-899B-6989325029A5}.Release|ARM.Build.0 = Release|ARM
		{7A6CA152-BEDE-44CC-899B-6989325029A5}.Release|ARM.Deploy.0 = Release|ARM
		{7A6CA152-BEDE-44CC-899B-6989325029A5}.Release|iPhone.ActiveCfg = Release|x86
		{7A6CA152-BEDE-44CC-899B-6989325029A5}.Release|iPhoneSimulator.ActiveCfg = Release|x86
		{7A6CA152-BEDE-44CC-899B-6989325029A5}.Release|x64.ActiveCfg = Release|x64
		{7A6CA152-BEDE-44CC-899B-6989325029A5}.Release|x64.Build.0 = Release|x64
		{7A6CA152-BEDE-44CC-899B-6989325029A5}.Release|x64.Deploy.0 = Release|x64
		{7A6CA152-BEDE-44CC-899B-6989325029A5}.Release|x86.ActiveCfg = Release|x86
		{7A6CA152-BEDE-44CC-899B-6989325029A5}.Release|x86.Build.0 = Release|x86
		{7A6CA152-BEDE-44CC-899B-6989325029A5}.Release|x86.Deploy.0 = Release|x86
		{05E3AD37-349F-4D72-94EB-86DA97196460}.Ad-Hoc|Any CPU.ActiveCfg = Debug|Any CPU
		{05E3AD37-349F-4D72-94EB-86DA97196460}.Ad-Hoc|Any CPU.Build.0 = Debug|Any CPU
		{05E3AD37-349F-4D72-94EB-86DA97196460}.Ad-Hoc|ARM.ActiveCfg = Debug|Any CPU
		{05E3AD37-349F-4D72-94EB-86DA97196460}.Ad-Hoc|ARM.Build.0 = Debug|Any CPU
		{05E3AD37-349F-4D72-94EB-86DA97196460}.Ad-Hoc|iPhone.ActiveCfg = Debug|Any CPU
		{05E3AD37-349F-4D72-94EB-86DA97196460}.Ad-Hoc|iPhone.Build.0 = Debug|Any CPU
		{05E3AD37-349F-4D72-94EB-86DA97196460}.Ad-Hoc|iPhoneSimulator.ActiveCfg = Debug|Any CPU
		{05E3AD37-349F-4D72-94EB-86DA97196460}.Ad-Hoc|iPhoneSimulator.Build.0 = Debug|Any CPU
		{05E3AD37-349F-4D72-94EB-86DA97196460}.Ad-Hoc|x64.ActiveCfg = Debug|Any CPU
		{05E3AD37-349F-4D72-94EB-86DA97196460}.Ad-Hoc|x64.Build.0 = Debug|Any CPU
		{05E3AD37-349F-4D72-94EB-86DA97196460}.Ad-Hoc|x86.ActiveCfg = Debug|Any CPU
		{05E3AD37-349F-4D72-94EB-86DA97196460}.Ad-Hoc|x86.Build.0 = Debug|Any CPU
		{05E3AD37-349F-4D72-94EB-86DA97196460}.AppStore|Any CPU.ActiveCfg = Debug|Any CPU
		{05E3AD37-349F-4D72-94EB-86DA97196460}.AppStore|Any CPU.Build.0 = Debug|Any CPU
		{05E3AD37-349F-4D72-94EB-86DA97196460}.AppStore|ARM.ActiveCfg = Debug|Any CPU
		{05E3AD37-349F-4D72-94EB-86DA97196460}.AppStore|ARM.Build.0 = Debug|Any CPU
		{05E3AD37-349F-4D72-94EB-86DA97196460}.AppStore|iPhone.ActiveCfg = Debug|Any CPU
		{05E3AD37-349F-4D72-94EB-86DA97196460}.AppStore|iPhone.Build.0 = Debug|Any CPU
		{05E3AD37-349F-4D72-94EB-86DA97196460}.AppStore|iPhoneSimulator.ActiveCfg = Debug|Any CPU
		{05E3AD37-349F-4D72-94EB-86DA97196460}.AppStore|iPhoneSimulator.Build.0 = Debug|Any CPU
		{05E3AD37-349F-4D72-94EB-86DA97196460}.AppStore|x64.ActiveCfg = Debug|Any CPU
		{05E3AD37-349F-4D72-94EB-86DA97196460}.AppStore|x64.Build.0 = Debug|Any CPU
		{05E3AD37-349F-4D72-94EB-86DA97196460}.AppStore|x86.ActiveCfg = Debug|Any CPU
		{05E3AD37-349F-4D72-94EB-86DA97196460}.AppStore|x86.Build.0 = Debug|Any CPU
		{05E3AD37-349F-4D72-94EB-86DA97196460}.Debug|Any CPU.ActiveCfg = Debug|Any CPU
		{05E3AD37-349F-4D72-94EB-86DA97196460}.Debug|Any CPU.Build.0 = Debug|Any CPU
		{05E3AD37-349F-4D72-94EB-86DA97196460}.Debug|ARM.ActiveCfg = Debug|Any CPU
		{05E3AD37-349F-4D72-94EB-86DA97196460}.Debug|ARM.Build.0 = Debug|Any CPU
		{05E3AD37-349F-4D72-94EB-86DA97196460}.Debug|iPhone.ActiveCfg = Debug|Any CPU
		{05E3AD37-349F-4D72-94EB-86DA97196460}.Debug|iPhone.Build.0 = Debug|Any CPU
		{05E3AD37-349F-4D72-94EB-86DA97196460}.Debug|iPhoneSimulator.ActiveCfg = Debug|Any CPU
		{05E3AD37-349F-4D72-94EB-86DA97196460}.Debug|iPhoneSimulator.Build.0 = Debug|Any CPU
		{05E3AD37-349F-4D72-94EB-86DA97196460}.Debug|x64.ActiveCfg = Debug|Any CPU
		{05E3AD37-349F-4D72-94EB-86DA97196460}.Debug|x64.Build.0 = Debug|Any CPU
		{05E3AD37-349F-4D72-94EB-86DA97196460}.Debug|x86.ActiveCfg = Debug|Any CPU
		{05E3AD37-349F-4D72-94EB-86DA97196460}.Debug|x86.Build.0 = Debug|Any CPU
		{05E3AD37-349F-4D72-94EB-86DA97196460}.Release|Any CPU.ActiveCfg = Release|Any CPU
		{05E3AD37-349F-4D72-94EB-86DA97196460}.Release|Any CPU.Build.0 = Release|Any CPU
		{05E3AD37-349F-4D72-94EB-86DA97196460}.Release|ARM.ActiveCfg = Release|Any CPU
		{05E3AD37-349F-4D72-94EB-86DA97196460}.Release|ARM.Build.0 = Release|Any CPU
		{05E3AD37-349F-4D72-94EB-86DA97196460}.Release|iPhone.ActiveCfg = Release|Any CPU
		{05E3AD37-349F-4D72-94EB-86DA97196460}.Release|iPhone.Build.0 = Release|Any CPU
		{05E3AD37-349F-4D72-94EB-86DA97196460}.Release|iPhoneSimulator.ActiveCfg = Release|Any CPU
		{05E3AD37-349F-4D72-94EB-86DA97196460}.Release|iPhoneSimulator.Build.0 = Release|Any CPU
		{05E3AD37-349F-4D72-94EB-86DA97196460}.Release|x64.ActiveCfg = Release|Any CPU
		{05E3AD37-349F-4D72-94EB-86DA97196460}.Release|x64.Build.0 = Release|Any CPU
		{05E3AD37-349F-4D72-94EB-86DA97196460}.Release|x86.ActiveCfg = Release|Any CPU
		{05E3AD37-349F-4D72-94EB-86DA97196460}.Release|x86.Build.0 = Release|Any CPU
	EndGlobalSection
	GlobalSection(SolutionProperties) = preSolution
		HideSolutionNode = FALSE
	EndGlobalSection
	GlobalSection(ExtensibilityGlobals) = postSolution
		SolutionGuid = {E95EC40E-AEC3-43DF-BB1D-E0B7886B818A}
	EndGlobalSection
EndGlobal
